Microsoft Visual Studio Solution File, Format Version 12.00
# Visual Studio Version 17
VisualStudioVersion = 17.0.31903.59
MinimumVisualStudioVersion = 10.0.40219.1
Project("{FAE04EC0-301F-11D3-BF4B-00C04F79EFBC}") = "CaptureService", "capture_service/CaptureService/CaptureService.csproj", "{473304F8-916B-4CC4-A2F0-3539A418D923}"
EndProject
Project("{888888A0-9F3D-457C-B088-3A5042F75D52}") = "interactive_region_scanner", "interactive_region_scanner\\interactive_region_scanner.pyproj", "{878C6CA5-2314-4F0E-931B-54F725FF2C7A}"
EndProject
Global
	GlobalSection(SolutionConfigurationPlatforms) = preSolution
		Debug|Any CPU = Debug|Any CPU
		Release|Any CPU = Release|Any CPU
	EndGlobalSection
	GlobalSection(ProjectConfigurationPlatforms) = postSolution
		{473304F8-916B-4CC4-A2F0-3539A418D923}.Debug|Any CPU.ActiveCfg = Debug|Any CPU
		{473304F8-916B-4CC4-A2F0-3539A418D923}.Debug|Any CPU.Build.0 = Debug|Any CPU
		{473304F8-916B-4CC4-A2F0-3539A418D923}.Release|Any CPU.ActiveCfg = Release|Any CPU
		{473304F8-916B-4CC4-A2F0-3539A418D923}.Release|Any CPU.Build.0 = Release|Any CPU
		{878C6CA5-2314-4F0E-931B-54F725FF2C7A}.Debug|Any CPU.ActiveCfg = Debug|Any CPU
		{878C6CA5-2314-4F0E-931B-54F725FF2C7A}.Release|Any CPU.ActiveCfg = Release|Any CPU
	EndGlobalSection
	GlobalSection(SolutionProperties) = preSolution
		HideSolutionNode = FALSE
	EndGlobalSection
	GlobalSection(ExtensibilityGlobals) = postSolution
		SolutionGuid = {0A0447F9-7685-4CF6-8779-1FC6B94E5C79}
	EndGlobalSection
EndGlobal
